// !$*UTF8*$!
{
	archiveVersion = 1;
	classes = {
	};
	objectVersion = 56;
	objects = {

/* Begin PBXBuildFile section */
		5D0455672A2FA4A500500135 /* HomeRouter.swift in Sources */ = {isa = PBXBuildFile; fileRef = 5D0455662A2FA4A500500135 /* HomeRouter.swift */; };
		5D0455692A2FA57200500135 /* HomeViewController.swift in Sources */ = {isa = PBXBuildFile; fileRef = 5D0455682A2FA57200500135 /* HomeViewController.swift */; };
		5D17976E2A2F5382008A9205 /* AppDelegate.swift in Sources */ = {isa = PBXBuildFile; fileRef = 5D17976D2A2F5382008A9205 /* AppDelegate.swift */; };
		5D1797702A2F5382008A9205 /* SceneDelegate.swift in Sources */ = {isa = PBXBuildFile; fileRef = 5D17976F2A2F5382008A9205 /* SceneDelegate.swift */; };
		5D1797722A2F5382008A9205 /* SplashViewController.swift in Sources */ = {isa = PBXBuildFile; fileRef = 5D1797712A2F5382008A9205 /* SplashViewController.swift */; };
		5D1797752A2F5382008A9205 /* Main.storyboard in Resources */ = {isa = PBXBuildFile; fileRef = 5D1797732A2F5382008A9205 /* Main.storyboard */; };
		5D1797782A2F5382008A9205 /* NoyanC_HW4.xcdatamodeld in Sources */ = {isa = PBXBuildFile; fileRef = 5D1797762A2F5382008A9205 /* NoyanC_HW4.xcdatamodeld */; };
		5D17977A2A2F5382008A9205 /* Assets.xcassets in Resources */ = {isa = PBXBuildFile; fileRef = 5D1797792A2F5382008A9205 /* Assets.xcassets */; };
		5D17977D2A2F5382008A9205 /* LaunchScreen.storyboard in Resources */ = {isa = PBXBuildFile; fileRef = 5D17977B2A2F5382008A9205 /* LaunchScreen.storyboard */; };
		5D1797882A2F5383008A9205 /* NoyanC_HW4Tests.swift in Sources */ = {isa = PBXBuildFile; fileRef = 5D1797872A2F5383008A9205 /* NoyanC_HW4Tests.swift */; };
		5D1797922A2F5383008A9205 /* NoyanC_HW4UITests.swift in Sources */ = {isa = PBXBuildFile; fileRef = 5D1797912A2F5383008A9205 /* NoyanC_HW4UITests.swift */; };
		5D1797942A2F5383008A9205 /* NoyanC_HW4UITestsLaunchTests.swift in Sources */ = {isa = PBXBuildFile; fileRef = 5D1797932A2F5383008A9205 /* NoyanC_HW4UITestsLaunchTests.swift */; };
		5D1B5E1B2A2F5626001ED2B3 /* Extensions in Frameworks */ = {isa = PBXBuildFile; productRef = 5D1B5E1A2A2F5626001ED2B3 /* Extensions */; };
		5D1B5E1D2A2F562C001ED2B3 /* SongAPI in Frameworks */ = {isa = PBXBuildFile; productRef = 5D1B5E1C2A2F562C001ED2B3 /* SongAPI */; };
		5D3ACED62A2F5AA0006779B8 /* SplashInteractor.swift in Sources */ = {isa = PBXBuildFile; fileRef = 5D3ACED52A2F5AA0006779B8 /* SplashInteractor.swift */; };
		5D3ACED82A2F5AA9006779B8 /* SplashPresenter.swift in Sources */ = {isa = PBXBuildFile; fileRef = 5D3ACED72A2F5AA9006779B8 /* SplashPresenter.swift */; };
		5D3ACEDA2A2F5AC4006779B8 /* SplashRouter.swift in Sources */ = {isa = PBXBuildFile; fileRef = 5D3ACED92A2F5AC4006779B8 /* SplashRouter.swift */; };
		5D3ACEDD2A2F5C31006779B8 /* Reachability in Frameworks */ = {isa = PBXBuildFile; productRef = 5D3ACEDC2A2F5C31006779B8 /* Reachability */; };
		5D53EDF02A2FBE4800BE6649 /* CustomTextField.swift in Sources */ = {isa = PBXBuildFile; fileRef = 5D53EDEF2A2FBE4800BE6649 /* CustomTextField.swift */; };
		5D53EDF22A2FBE9F00BE6649 /* SearchViewController.swift in Sources */ = {isa = PBXBuildFile; fileRef = 5D53EDF12A2FBE9F00BE6649 /* SearchViewController.swift */; };
		5D53EDF62A2FC0A200BE6649 /* SearchTableViewCell.swift in Sources */ = {isa = PBXBuildFile; fileRef = 5D53EDF42A2FC0A200BE6649 /* SearchTableViewCell.swift */; };
		5D53EDF72A2FC0A200BE6649 /* SearchTableViewCell.xib in Resources */ = {isa = PBXBuildFile; fileRef = 5D53EDF52A2FC0A200BE6649 /* SearchTableViewCell.xib */; };
		5D53EDFC2A2FC6E800BE6649 /* SearchInteractor.swift in Sources */ = {isa = PBXBuildFile; fileRef = 5D53EDFB2A2FC6E800BE6649 /* SearchInteractor.swift */; };
		5D53EDFE2A2FC6F000BE6649 /* SearchPresenter.swift in Sources */ = {isa = PBXBuildFile; fileRef = 5D53EDFD2A2FC6F000BE6649 /* SearchPresenter.swift */; };
		5D53EE002A2FC6FA00BE6649 /* SearchRouter.swift in Sources */ = {isa = PBXBuildFile; fileRef = 5D53EDFF2A2FC6FA00BE6649 /* SearchRouter.swift */; };
		5D53EE032A2FD10200BE6649 /* DetailViewController.swift in Sources */ = {isa = PBXBuildFile; fileRef = 5D53EE022A2FD10200BE6649 /* DetailViewController.swift */; };
		5D6797572A3077E0003A6BBB /* SearchCellPresenter.swift in Sources */ = {isa = PBXBuildFile; fileRef = 5D6797562A3077E0003A6BBB /* SearchCellPresenter.swift */; };
		5D6797592A30A7A5003A6BBB /* DetailInteractor.swift in Sources */ = {isa = PBXBuildFile; fileRef = 5D6797582A30A7A5003A6BBB /* DetailInteractor.swift */; };
		5D67975B2A30A7C4003A6BBB /* DetailPresenter.swift in Sources */ = {isa = PBXBuildFile; fileRef = 5D67975A2A30A7C4003A6BBB /* DetailPresenter.swift */; };
		5D67975D2A30A7E1003A6BBB /* DetailRouter.swift in Sources */ = {isa = PBXBuildFile; fileRef = 5D67975C2A30A7E1003A6BBB /* DetailRouter.swift */; };
		5D6797642A310A7E003A6BBB /* MainViewController.swift in Sources */ = {isa = PBXBuildFile; fileRef = 5D6797632A310A7E003A6BBB /* MainViewController.swift */; };
		5D6797662A312288003A6BBB /* LoadingView.swift in Sources */ = {isa = PBXBuildFile; fileRef = 5D6797652A312288003A6BBB /* LoadingView.swift */; };
		5D67976A2A3122BC003A6BBB /* LoadingShowable.swift in Sources */ = {isa = PBXBuildFile; fileRef = 5D6797692A3122BC003A6BBB /* LoadingShowable.swift */; };
		5D67976C2A31458C003A6BBB /* AudioTimerHelper.swift in Sources */ = {isa = PBXBuildFile; fileRef = 5D67976B2A31458C003A6BBB /* AudioTimerHelper.swift */; };
/* End PBXBuildFile section */

/* Begin PBXContainerItemProxy section */
		5D1797842A2F5383008A9205 /* PBXContainerItemProxy */ = {
			isa = PBXContainerItemProxy;
			containerPortal = 5D1797622A2F5382008A9205 /* Project object */;
			proxyType = 1;
			remoteGlobalIDString = 5D1797692A2F5382008A9205;
			remoteInfo = NoyanC_HW4;
		};
		5D17978E2A2F5383008A9205 /* PBXContainerItemProxy */ = {
			isa = PBXContainerItemProxy;
			containerPortal = 5D1797622A2F5382008A9205 /* Project object */;
			proxyType = 1;
			remoteGlobalIDString = 5D1797692A2F5382008A9205;
			remoteInfo = NoyanC_HW4;
		};
/* End PBXContainerItemProxy section */

/* Begin PBXFileReference section */
		5D0455662A2FA4A500500135 /* HomeRouter.swift */ = {isa = PBXFileReference; lastKnownFileType = sourcecode.swift; path = HomeRouter.swift; sourceTree = "<group>"; };
		5D0455682A2FA57200500135 /* HomeViewController.swift */ = {isa = PBXFileReference; lastKnownFileType = sourcecode.swift; path = HomeViewController.swift; sourceTree = "<group>"; };
		5D17976A2A2F5382008A9205 /* NoyanC_HW4.app */ = {isa = PBXFileReference; explicitFileType = wrapper.application; includeInIndex = 0; path = NoyanC_HW4.app; sourceTree = BUILT_PRODUCTS_DIR; };
		5D17976D2A2F5382008A9205 /* AppDelegate.swift */ = {isa = PBXFileReference; lastKnownFileType = sourcecode.swift; path = AppDelegate.swift; sourceTree = "<group>"; };
		5D17976F2A2F5382008A9205 /* SceneDelegate.swift */ = {isa = PBXFileReference; lastKnownFileType = sourcecode.swift; path = SceneDelegate.swift; sourceTree = "<group>"; };
		5D1797712A2F5382008A9205 /* SplashViewController.swift */ = {isa = PBXFileReference; lastKnownFileType = sourcecode.swift; path = SplashViewController.swift; sourceTree = "<group>"; };
		5D1797742A2F5382008A9205 /* Base */ = {isa = PBXFileReference; lastKnownFileType = file.storyboard; name = Base; path = Base.lproj/Main.storyboard; sourceTree = "<group>"; };
		5D1797772A2F5382008A9205 /* NoyanC_HW4.xcdatamodel */ = {isa = PBXFileReference; lastKnownFileType = wrapper.xcdatamodel; path = NoyanC_HW4.xcdatamodel; sourceTree = "<group>"; };
		5D1797792A2F5382008A9205 /* Assets.xcassets */ = {isa = PBXFileReference; lastKnownFileType = folder.assetcatalog; path = Assets.xcassets; sourceTree = "<group>"; };
		5D17977C2A2F5382008A9205 /* Base */ = {isa = PBXFileReference; lastKnownFileType = file.storyboard; name = Base; path = Base.lproj/LaunchScreen.storyboard; sourceTree = "<group>"; };
		5D17977E2A2F5382008A9205 /* Info.plist */ = {isa = PBXFileReference; lastKnownFileType = text.plist.xml; path = Info.plist; sourceTree = "<group>"; };
		5D1797832A2F5383008A9205 /* NoyanC_HW4Tests.xctest */ = {isa = PBXFileReference; explicitFileType = wrapper.cfbundle; includeInIndex = 0; path = NoyanC_HW4Tests.xctest; sourceTree = BUILT_PRODUCTS_DIR; };
		5D1797872A2F5383008A9205 /* NoyanC_HW4Tests.swift */ = {isa = PBXFileReference; lastKnownFileType = sourcecode.swift; path = NoyanC_HW4Tests.swift; sourceTree = "<group>"; };
		5D17978D2A2F5383008A9205 /* NoyanC_HW4UITests.xctest */ = {isa = PBXFileReference; explicitFileType = wrapper.cfbundle; includeInIndex = 0; path = NoyanC_HW4UITests.xctest; sourceTree = BUILT_PRODUCTS_DIR; };
		5D1797912A2F5383008A9205 /* NoyanC_HW4UITests.swift */ = {isa = PBXFileReference; lastKnownFileType = sourcecode.swift; path = NoyanC_HW4UITests.swift; sourceTree = "<group>"; };
		5D1797932A2F5383008A9205 /* NoyanC_HW4UITestsLaunchTests.swift */ = {isa = PBXFileReference; lastKnownFileType = sourcecode.swift; path = NoyanC_HW4UITestsLaunchTests.swift; sourceTree = "<group>"; };
		5D1B5E172A2F5483001ED2B3 /* SongAPI */ = {isa = PBXFileReference; lastKnownFileType = wrapper; path = SongAPI; sourceTree = "<group>"; };
		5D1B5E182A2F55E7001ED2B3 /* Extensions */ = {isa = PBXFileReference; lastKnownFileType = wrapper; path = Extensions; sourceTree = "<group>"; };
		5D3ACED52A2F5AA0006779B8 /* SplashInteractor.swift */ = {isa = PBXFileReference; lastKnownFileType = sourcecode.swift; path = SplashInteractor.swift; sourceTree = "<group>"; };
		5D3ACED72A2F5AA9006779B8 /* SplashPresenter.swift */ = {isa = PBXFileReference; lastKnownFileType = sourcecode.swift; path = SplashPresenter.swift; sourceTree = "<group>"; };
		5D3ACED92A2F5AC4006779B8 /* SplashRouter.swift */ = {isa = PBXFileReference; lastKnownFileType = sourcecode.swift; path = SplashRouter.swift; sourceTree = "<group>"; };
		5D3ACEDB2A2F5B9D006779B8 /* Reachability */ = {isa = PBXFileReference; lastKnownFileType = wrapper; path = Reachability; sourceTree = "<group>"; };
		5D53EDEF2A2FBE4800BE6649 /* CustomTextField.swift */ = {isa = PBXFileReference; lastKnownFileType = sourcecode.swift; path = CustomTextField.swift; sourceTree = "<group>"; };
		5D53EDF12A2FBE9F00BE6649 /* SearchViewController.swift */ = {isa = PBXFileReference; lastKnownFileType = sourcecode.swift; path = SearchViewController.swift; sourceTree = "<group>"; };
		5D53EDF42A2FC0A200BE6649 /* SearchTableViewCell.swift */ = {isa = PBXFileReference; lastKnownFileType = sourcecode.swift; path = SearchTableViewCell.swift; sourceTree = "<group>"; };
		5D53EDF52A2FC0A200BE6649 /* SearchTableViewCell.xib */ = {isa = PBXFileReference; lastKnownFileType = file.xib; path = SearchTableViewCell.xib; sourceTree = "<group>"; };
		5D53EDFB2A2FC6E800BE6649 /* SearchInteractor.swift */ = {isa = PBXFileReference; lastKnownFileType = sourcecode.swift; path = SearchInteractor.swift; sourceTree = "<group>"; };
		5D53EDFD2A2FC6F000BE6649 /* SearchPresenter.swift */ = {isa = PBXFileReference; lastKnownFileType = sourcecode.swift; path = SearchPresenter.swift; sourceTree = "<group>"; };
		5D53EDFF2A2FC6FA00BE6649 /* SearchRouter.swift */ = {isa = PBXFileReference; lastKnownFileType = sourcecode.swift; path = SearchRouter.swift; sourceTree = "<group>"; };
		5D53EE022A2FD10200BE6649 /* DetailViewController.swift */ = {isa = PBXFileReference; lastKnownFileType = sourcecode.swift; path = DetailViewController.swift; sourceTree = "<group>"; };
		5D6797562A3077E0003A6BBB /* SearchCellPresenter.swift */ = {isa = PBXFileReference; lastKnownFileType = sourcecode.swift; path = SearchCellPresenter.swift; sourceTree = "<group>"; };
		5D6797582A30A7A5003A6BBB /* DetailInteractor.swift */ = {isa = PBXFileReference; lastKnownFileType = sourcecode.swift; path = DetailInteractor.swift; sourceTree = "<group>"; };
		5D67975A2A30A7C4003A6BBB /* DetailPresenter.swift */ = {isa = PBXFileReference; lastKnownFileType = sourcecode.swift; path = DetailPresenter.swift; sourceTree = "<group>"; };
		5D67975C2A30A7E1003A6BBB /* DetailRouter.swift */ = {isa = PBXFileReference; lastKnownFileType = sourcecode.swift; path = DetailRouter.swift; sourceTree = "<group>"; };
		5D6797632A310A7E003A6BBB /* MainViewController.swift */ = {isa = PBXFileReference; lastKnownFileType = sourcecode.swift; path = MainViewController.swift; sourceTree = "<group>"; };
		5D6797652A312288003A6BBB /* LoadingView.swift */ = {isa = PBXFileReference; lastKnownFileType = sourcecode.swift; path = LoadingView.swift; sourceTree = "<group>"; };
		5D6797692A3122BC003A6BBB /* LoadingShowable.swift */ = {isa = PBXFileReference; lastKnownFileType = sourcecode.swift; path = LoadingShowable.swift; sourceTree = "<group>"; };
		5D67976B2A31458C003A6BBB /* AudioTimerHelper.swift */ = {isa = PBXFileReference; lastKnownFileType = sourcecode.swift; path = AudioTimerHelper.swift; sourceTree = "<group>"; };
/* End PBXFileReference section */

/* Begin PBXFrameworksBuildPhase section */
		5D1797672A2F5382008A9205 /* Frameworks */ = {
			isa = PBXFrameworksBuildPhase;
			buildActionMask = 2147483647;
			files = (
				5D1B5E1D2A2F562C001ED2B3 /* SongAPI in Frameworks */,
				5D3ACEDD2A2F5C31006779B8 /* Reachability in Frameworks */,
				5D1B5E1B2A2F5626001ED2B3 /* Extensions in Frameworks */,
			);
			runOnlyForDeploymentPostprocessing = 0;
		};
		5D1797802A2F5383008A9205 /* Frameworks */ = {
			isa = PBXFrameworksBuildPhase;
			buildActionMask = 2147483647;
			files = (
			);
			runOnlyForDeploymentPostprocessing = 0;
		};
		5D17978A2A2F5383008A9205 /* Frameworks */ = {
			isa = PBXFrameworksBuildPhase;
			buildActionMask = 2147483647;
			files = (
			);
			runOnlyForDeploymentPostprocessing = 0;
		};
/* End PBXFrameworksBuildPhase section */

/* Begin PBXGroup section */
		5D1797612A2F5382008A9205 = {
			isa = PBXGroup;
			children = (
				5D3ACEDB2A2F5B9D006779B8 /* Reachability */,
				5D1B5E182A2F55E7001ED2B3 /* Extensions */,
				5D1B5E172A2F5483001ED2B3 /* SongAPI */,
				5D17976C2A2F5382008A9205 /* NoyanC_HW4 */,
				5D1797862A2F5383008A9205 /* NoyanC_HW4Tests */,
				5D1797902A2F5383008A9205 /* NoyanC_HW4UITests */,
				5D17976B2A2F5382008A9205 /* Products */,
				5D1B5E192A2F5626001ED2B3 /* Frameworks */,
			);
			sourceTree = "<group>";
		};
		5D17976B2A2F5382008A9205 /* Products */ = {
			isa = PBXGroup;
			children = (
				5D17976A2A2F5382008A9205 /* NoyanC_HW4.app */,
				5D1797832A2F5383008A9205 /* NoyanC_HW4Tests.xctest */,
				5D17978D2A2F5383008A9205 /* NoyanC_HW4UITests.xctest */,
			);
			name = Products;
			sourceTree = "<group>";
		};
		5D17976C2A2F5382008A9205 /* NoyanC_HW4 */ = {
			isa = PBXGroup;
			children = (
				5D3ACECF2A2F5815006779B8 /* App */,
				5D67976D2A314D74003A6BBB /* Constants */,
				5D53EDEE2A2FBE3C00BE6649 /* CustomView */,
				5D6797682A3122AF003A6BBB /* Helpers */,
				5D3ACED02A2F5821006779B8 /* Resources */,
				5D3ACED12A2F5830006779B8 /* Module */,
				5D1797732A2F5382008A9205 /* Main.storyboard */,
				5D17977E2A2F5382008A9205 /* Info.plist */,
				5D1797762A2F5382008A9205 /* NoyanC_HW4.xcdatamodeld */,
			);
			path = NoyanC_HW4;
			sourceTree = "<group>";
		};
		5D1797862A2F5383008A9205 /* NoyanC_HW4Tests */ = {
			isa = PBXGroup;
			children = (
				5D1797872A2F5383008A9205 /* NoyanC_HW4Tests.swift */,
			);
			path = NoyanC_HW4Tests;
			sourceTree = "<group>";
		};
		5D1797902A2F5383008A9205 /* NoyanC_HW4UITests */ = {
			isa = PBXGroup;
			children = (
				5D1797912A2F5383008A9205 /* NoyanC_HW4UITests.swift */,
				5D1797932A2F5383008A9205 /* NoyanC_HW4UITestsLaunchTests.swift */,
			);
			path = NoyanC_HW4UITests;
			sourceTree = "<group>";
		};
		5D1B5E192A2F5626001ED2B3 /* Frameworks */ = {
			isa = PBXGroup;
			children = (
			);
			name = Frameworks;
			sourceTree = "<group>";
		};
		5D3ACECF2A2F5815006779B8 /* App */ = {
			isa = PBXGroup;
			children = (
				5D17976D2A2F5382008A9205 /* AppDelegate.swift */,
				5D17976F2A2F5382008A9205 /* SceneDelegate.swift */,
			);
			path = App;
			sourceTree = "<group>";
		};
		5D3ACED02A2F5821006779B8 /* Resources */ = {
			isa = PBXGroup;
			children = (
				5D1797792A2F5382008A9205 /* Assets.xcassets */,
				5D17977B2A2F5382008A9205 /* LaunchScreen.storyboard */,
			);
			path = Resources;
			sourceTree = "<group>";
		};
		5D3ACED12A2F5830006779B8 /* Module */ = {
			isa = PBXGroup;
			children = (
				5D53EE012A2FD0E500BE6649 /* Detail */,
				5D3ACED22A2F5839006779B8 /* Splash */,
				5D3ACED32A2F584E006779B8 /* Home */,
				5D3ACED42A2F5854006779B8 /* Search */,
				5D6797632A310A7E003A6BBB /* MainViewController.swift */,
			);
			path = Module;
			sourceTree = "<group>";
		};
		5D3ACED22A2F5839006779B8 /* Splash */ = {
			isa = PBXGroup;
			children = (
				5D1797712A2F5382008A9205 /* SplashViewController.swift */,
				5D3ACED72A2F5AA9006779B8 /* SplashPresenter.swift */,
				5D3ACED52A2F5AA0006779B8 /* SplashInteractor.swift */,
				5D3ACED92A2F5AC4006779B8 /* SplashRouter.swift */,
			);
			path = Splash;
			sourceTree = "<group>";
		};
		5D3ACED32A2F584E006779B8 /* Home */ = {
			isa = PBXGroup;
			children = (
				5D0455662A2FA4A500500135 /* HomeRouter.swift */,
				5D0455682A2FA57200500135 /* HomeViewController.swift */,
			);
			path = Home;
			sourceTree = "<group>";
		};
		5D3ACED42A2F5854006779B8 /* Search */ = {
			isa = PBXGroup;
			children = (
				5D53EDF32A2FC08900BE6649 /* Cell */,
				5D53EDF12A2FBE9F00BE6649 /* SearchViewController.swift */,
				5D53EDFB2A2FC6E800BE6649 /* SearchInteractor.swift */,
				5D53EDFD2A2FC6F000BE6649 /* SearchPresenter.swift */,
				5D53EDFF2A2FC6FA00BE6649 /* SearchRouter.swift */,
			);
			path = Search;
			sourceTree = "<group>";
		};
		5D53EDEE2A2FBE3C00BE6649 /* CustomView */ = {
			isa = PBXGroup;
			children = (
				5D53EDEF2A2FBE4800BE6649 /* CustomTextField.swift */,
				5D6797652A312288003A6BBB /* LoadingView.swift */,
			);
			path = CustomView;
			sourceTree = "<group>";
		};
		5D53EDF32A2FC08900BE6649 /* Cell */ = {
			isa = PBXGroup;
			children = (
				5D6797562A3077E0003A6BBB /* SearchCellPresenter.swift */,
				5D53EDF42A2FC0A200BE6649 /* SearchTableViewCell.swift */,
				5D53EDF52A2FC0A200BE6649 /* SearchTableViewCell.xib */,
			);
			path = Cell;
			sourceTree = "<group>";
		};
		5D53EE012A2FD0E500BE6649 /* Detail */ = {
			isa = PBXGroup;
			children = (
				5D53EE022A2FD10200BE6649 /* DetailViewController.swift */,
				5D6797582A30A7A5003A6BBB /* DetailInteractor.swift */,
				5D67975A2A30A7C4003A6BBB /* DetailPresenter.swift */,
				5D67975C2A30A7E1003A6BBB /* DetailRouter.swift */,
			);
			path = Detail;
			sourceTree = "<group>";
		};
		5D6797682A3122AF003A6BBB /* Helpers */ = {
			isa = PBXGroup;
			children = (
				5D6797692A3122BC003A6BBB /* LoadingShowable.swift */,
				5D67976B2A31458C003A6BBB /* AudioTimerHelper.swift */,
			);
			path = Helpers;
			sourceTree = "<group>";
		};
		5D67976D2A314D74003A6BBB /* Constants */ = {
			isa = PBXGroup;
			children = (
			);
			path = Constants;
			sourceTree = "<group>";
		};
/* End PBXGroup section */

/* Begin PBXNativeTarget section */
		5D1797692A2F5382008A9205 /* NoyanC_HW4 */ = {
			isa = PBXNativeTarget;
			buildConfigurationList = 5D1797972A2F5383008A9205 /* Build configuration list for PBXNativeTarget "NoyanC_HW4" */;
			buildPhases = (
				5D1797662A2F5382008A9205 /* Sources */,
				5D1797672A2F5382008A9205 /* Frameworks */,
				5D1797682A2F5382008A9205 /* Resources */,
			);
			buildRules = (
			);
			dependencies = (
			);
			name = NoyanC_HW4;
			packageProductDependencies = (
				5D1B5E1A2A2F5626001ED2B3 /* Extensions */,
				5D1B5E1C2A2F562C001ED2B3 /* SongAPI */,
				5D3ACEDC2A2F5C31006779B8 /* Reachability */,
			);
			productName = NoyanC_HW4;
			productReference = 5D17976A2A2F5382008A9205 /* NoyanC_HW4.app */;
			productType = "com.apple.product-type.application";
		};
		5D1797822A2F5383008A9205 /* NoyanC_HW4Tests */ = {
			isa = PBXNativeTarget;
			buildConfigurationList = 5D17979A2A2F5383008A9205 /* Build configuration list for PBXNativeTarget "NoyanC_HW4Tests" */;
			buildPhases = (
				5D17977F2A2F5383008A9205 /* Sources */,
				5D1797802A2F5383008A9205 /* Frameworks */,
				5D1797812A2F5383008A9205 /* Resources */,
			);
			buildRules = (
			);
			dependencies = (
				5D1797852A2F5383008A9205 /* PBXTargetDependency */,
			);
			name = NoyanC_HW4Tests;
			productName = NoyanC_HW4Tests;
			productReference = 5D1797832A2F5383008A9205 /* NoyanC_HW4Tests.xctest */;
			productType = "com.apple.product-type.bundle.unit-test";
		};
		5D17978C2A2F5383008A9205 /* NoyanC_HW4UITests */ = {
			isa = PBXNativeTarget;
			buildConfigurationList = 5D17979D2A2F5383008A9205 /* Build configuration list for PBXNativeTarget "NoyanC_HW4UITests" */;
			buildPhases = (
				5D1797892A2F5383008A9205 /* Sources */,
				5D17978A2A2F5383008A9205 /* Frameworks */,
				5D17978B2A2F5383008A9205 /* Resources */,
			);
			buildRules = (
			);
			dependencies = (
				5D17978F2A2F5383008A9205 /* PBXTargetDependency */,
			);
			name = NoyanC_HW4UITests;
			productName = NoyanC_HW4UITests;
			productReference = 5D17978D2A2F5383008A9205 /* NoyanC_HW4UITests.xctest */;
			productType = "com.apple.product-type.bundle.ui-testing";
		};
/* End PBXNativeTarget section */

/* Begin PBXProject section */
		5D1797622A2F5382008A9205 /* Project object */ = {
			isa = PBXProject;
			attributes = {
				BuildIndependentTargetsInParallel = 1;
				LastSwiftUpdateCheck = 1430;
				LastUpgradeCheck = 1430;
				TargetAttributes = {
					5D1797692A2F5382008A9205 = {
						CreatedOnToolsVersion = 14.3.1;
					};
					5D1797822A2F5383008A9205 = {
						CreatedOnToolsVersion = 14.3.1;
						TestTargetID = 5D1797692A2F5382008A9205;
					};
					5D17978C2A2F5383008A9205 = {
						CreatedOnToolsVersion = 14.3.1;
						TestTargetID = 5D1797692A2F5382008A9205;
					};
				};
			};
			buildConfigurationList = 5D1797652A2F5382008A9205 /* Build configuration list for PBXProject "NoyanC_HW4" */;
			compatibilityVersion = "Xcode 14.0";
			developmentRegion = en;
			hasScannedForEncodings = 0;
			knownRegions = (
				en,
				Base,
			);
			mainGroup = 5D1797612A2F5382008A9205;
			packageReferences = (
			);
			productRefGroup = 5D17976B2A2F5382008A9205 /* Products */;
			projectDirPath = "";
			projectRoot = "";
			targets = (
				5D1797692A2F5382008A9205 /* NoyanC_HW4 */,
				5D1797822A2F5383008A9205 /* NoyanC_HW4Tests */,
				5D17978C2A2F5383008A9205 /* NoyanC_HW4UITests */,
			);
		};
/* End PBXProject section */

/* Begin PBXResourcesBuildPhase section */
		5D1797682A2F5382008A9205 /* Resources */ = {
			isa = PBXResourcesBuildPhase;
			buildActionMask = 2147483647;
			files = (
				5D17977D2A2F5382008A9205 /* LaunchScreen.storyboard in Resources */,
				5D17977A2A2F5382008A9205 /* Assets.xcassets in Resources */,
				5D53EDF72A2FC0A200BE6649 /* SearchTableViewCell.xib in Resources */,
				5D1797752A2F5382008A9205 /* Main.storyboard in Resources */,
			);
			runOnlyForDeploymentPostprocessing = 0;
		};
		5D1797812A2F5383008A9205 /* Resources */ = {
			isa = PBXResourcesBuildPhase;
			buildActionMask = 2147483647;
			files = (
			);
			runOnlyForDeploymentPostprocessing = 0;
		};
		5D17978B2A2F5383008A9205 /* Resources */ = {
			isa = PBXResourcesBuildPhase;
			buildActionMask = 2147483647;
			files = (
			);
			runOnlyForDeploymentPostprocessing = 0;
		};
/* End PBXResourcesBuildPhase section */

/* Begin PBXSourcesBuildPhase section */
		5D1797662A2F5382008A9205 /* Sources */ = {
			isa = PBXSourcesBuildPhase;
			buildActionMask = 2147483647;
			files = (
				5D1797722A2F5382008A9205 /* SplashViewController.swift in Sources */,
				5D6797642A310A7E003A6BBB /* MainViewController.swift in Sources */,
				5D53EDF22A2FBE9F00BE6649 /* SearchViewController.swift in Sources */,
				5D6797662A312288003A6BBB /* LoadingView.swift in Sources */,
				5D1797782A2F5382008A9205 /* NoyanC_HW4.xcdatamodeld in Sources */,
				5D6797592A30A7A5003A6BBB /* DetailInteractor.swift in Sources */,
				5D53EDFC2A2FC6E800BE6649 /* SearchInteractor.swift in Sources */,
				5D67975D2A30A7E1003A6BBB /* DetailRouter.swift in Sources */,
				5D67976C2A31458C003A6BBB /* AudioTimerHelper.swift in Sources */,
				5D3ACEDA2A2F5AC4006779B8 /* SplashRouter.swift in Sources */,
				5D3ACED62A2F5AA0006779B8 /* SplashInteractor.swift in Sources */,
				5D53EE002A2FC6FA00BE6649 /* SearchRouter.swift in Sources */,
				5D53EE032A2FD10200BE6649 /* DetailViewController.swift in Sources */,
				5D6797572A3077E0003A6BBB /* SearchCellPresenter.swift in Sources */,
				5D67975B2A30A7C4003A6BBB /* DetailPresenter.swift in Sources */,
				5D53EDFE2A2FC6F000BE6649 /* SearchPresenter.swift in Sources */,
				5D53EDF02A2FBE4800BE6649 /* CustomTextField.swift in Sources */,
				5D53EDF62A2FC0A200BE6649 /* SearchTableViewCell.swift in Sources */,
				5D17976E2A2F5382008A9205 /* AppDelegate.swift in Sources */,
				5D0455692A2FA57200500135 /* HomeViewController.swift in Sources */,
				5D0455672A2FA4A500500135 /* HomeRouter.swift in Sources */,
				5D67976A2A3122BC003A6BBB /* LoadingShowable.swift in Sources */,
				5D1797702A2F5382008A9205 /* SceneDelegate.swift in Sources */,
				5D3ACED82A2F5AA9006779B8 /* SplashPresenter.swift in Sources */,
			);
			runOnlyForDeploymentPostprocessing = 0;
		};
		5D17977F2A2F5383008A9205 /* Sources */ = {
			isa = PBXSourcesBuildPhase;
			buildActionMask = 2147483647;
			files = (
				5D1797882A2F5383008A9205 /* NoyanC_HW4Tests.swift in Sources */,
			);
			runOnlyForDeploymentPostprocessing = 0;
		};
		5D1797892A2F5383008A9205 /* Sources */ = {
			isa = PBXSourcesBuildPhase;
			buildActionMask = 2147483647;
			files = (
				5D1797942A2F5383008A9205 /* NoyanC_HW4UITestsLaunchTests.swift in Sources */,
				5D1797922A2F5383008A9205 /* NoyanC_HW4UITests.swift in Sources */,
			);
			runOnlyForDeploymentPostprocessing = 0;
		};
/* End PBXSourcesBuildPhase section */

/* Begin PBXTargetDependency section */
		5D1797852A2F5383008A9205 /* PBXTargetDependency */ = {
			isa = PBXTargetDependency;
			target = 5D1797692A2F5382008A9205 /* NoyanC_HW4 */;
			targetProxy = 5D1797842A2F5383008A9205 /* PBXContainerItemProxy */;
		};
		5D17978F2A2F5383008A9205 /* PBXTargetDependency */ = {
			isa = PBXTargetDependency;
			target = 5D1797692A2F5382008A9205 /* NoyanC_HW4 */;
			targetProxy = 5D17978E2A2F5383008A9205 /* PBXContainerItemProxy */;
		};
/* End PBXTargetDependency section */

/* Begin PBXVariantGroup section */
		5D1797732A2F5382008A9205 /* Main.storyboard */ = {
			isa = PBXVariantGroup;
			children = (
				5D1797742A2F5382008A9205 /* Base */,
			);
			name = Main.storyboard;
			sourceTree = "<group>";
		};
		5D17977B2A2F5382008A9205 /* LaunchScreen.storyboard */ = {
			isa = PBXVariantGroup;
			children = (
				5D17977C2A2F5382008A9205 /* Base */,
			);
			name = LaunchScreen.storyboard;
			sourceTree = "<group>";
		};
/* End PBXVariantGroup section */

/* Begin XCBuildConfiguration section */
		5D1797952A2F5383008A9205 /* Debug */ = {
			isa = XCBuildConfiguration;
			buildSettings = {
				ALWAYS_SEARCH_USER_PATHS = NO;
				CLANG_ANALYZER_NONNULL = YES;
				CLANG_ANALYZER_NUMBER_OBJECT_CONVERSION = YES_AGGRESSIVE;
				CLANG_CXX_LANGUAGE_STANDARD = "gnu++20";
				CLANG_ENABLE_MODULES = YES;
				CLANG_ENABLE_OBJC_ARC = YES;
				CLANG_ENABLE_OBJC_WEAK = YES;
				CLANG_WARN_BLOCK_CAPTURE_AUTORELEASING = YES;
				CLANG_WARN_BOOL_CONVERSION = YES;
				CLANG_WARN_COMMA = YES;
				CLANG_WARN_CONSTANT_CONVERSION = YES;
				CLANG_WARN_DEPRECATED_OBJC_IMPLEMENTATIONS = YES;
				CLANG_WARN_DIRECT_OBJC_ISA_USAGE = YES_ERROR;
				CLANG_WARN_DOCUMENTATION_COMMENTS = YES;
				CLANG_WARN_EMPTY_BODY = YES;
				CLANG_WARN_ENUM_CONVERSION = YES;
				CLANG_WARN_INFINITE_RECURSION = YES;
				CLANG_WARN_INT_CONVERSION = YES;
				CLANG_WARN_NON_LITERAL_NULL_CONVERSION = YES;
				CLANG_WARN_OBJC_IMPLICIT_RETAIN_SELF = YES;
				CLANG_WARN_OBJC_LITERAL_CONVERSION = YES;
				CLANG_WARN_OBJC_ROOT_CLASS = YES_ERROR;
				CLANG_WARN_QUOTED_INCLUDE_IN_FRAMEWORK_HEADER = YES;
				CLANG_WARN_RANGE_LOOP_ANALYSIS = YES;
				CLANG_WARN_STRICT_PROTOTYPES = YES;
				CLANG_WARN_SUSPICIOUS_MOVE = YES;
				CLANG_WARN_UNGUARDED_AVAILABILITY = YES_AGGRESSIVE;
				CLANG_WARN_UNREACHABLE_CODE = YES;
				CLANG_WARN__DUPLICATE_METHOD_MATCH = YES;
				COPY_PHASE_STRIP = NO;
				DEBUG_INFORMATION_FORMAT = dwarf;
				ENABLE_STRICT_OBJC_MSGSEND = YES;
				ENABLE_TESTABILITY = YES;
				GCC_C_LANGUAGE_STANDARD = gnu11;
				GCC_DYNAMIC_NO_PIC = NO;
				GCC_NO_COMMON_BLOCKS = YES;
				GCC_OPTIMIZATION_LEVEL = 0;
				GCC_PREPROCESSOR_DEFINITIONS = (
					"DEBUG=1",
					"$(inherited)",
				);
				GCC_WARN_64_TO_32_BIT_CONVERSION = YES;
				GCC_WARN_ABOUT_RETURN_TYPE = YES_ERROR;
				GCC_WARN_UNDECLARED_SELECTOR = YES;
				GCC_WARN_UNINITIALIZED_AUTOS = YES_AGGRESSIVE;
				GCC_WARN_UNUSED_FUNCTION = YES;
				GCC_WARN_UNUSED_VARIABLE = YES;
				IPHONEOS_DEPLOYMENT_TARGET = 16.4;
				MTL_ENABLE_DEBUG_INFO = INCLUDE_SOURCE;
				MTL_FAST_MATH = YES;
				ONLY_ACTIVE_ARCH = YES;
				SDKROOT = iphoneos;
				SWIFT_ACTIVE_COMPILATION_CONDITIONS = DEBUG;
				SWIFT_OPTIMIZATION_LEVEL = "-Onone";
			};
			name = Debug;
		};
		5D1797962A2F5383008A9205 /* Release */ = {
			isa = XCBuildConfiguration;
			buildSettings = {
				ALWAYS_SEARCH_USER_PATHS = NO;
				CLANG_ANALYZER_NONNULL = YES;
				CLANG_ANALYZER_NUMBER_OBJECT_CONVERSION = YES_AGGRESSIVE;
				CLANG_CXX_LANGUAGE_STANDARD = "gnu++20";
				CLANG_ENABLE_MODULES = YES;
				CLANG_ENABLE_OBJC_ARC = YES;
				CLANG_ENABLE_OBJC_WEAK = YES;
				CLANG_WARN_BLOCK_CAPTURE_AUTORELEASING = YES;
				CLANG_WARN_BOOL_CONVERSION = YES;
				CLANG_WARN_COMMA = YES;
				CLANG_WARN_CONSTANT_CONVERSION = YES;
				CLANG_WARN_DEPRECATED_OBJC_IMPLEMENTATIONS = YES;
				CLANG_WARN_DIRECT_OBJC_ISA_USAGE = YES_ERROR;
				CLANG_WARN_DOCUMENTATION_COMMENTS = YES;
				CLANG_WARN_EMPTY_BODY = YES;
				CLANG_WARN_ENUM_CONVERSION = YES;
				CLANG_WARN_INFINITE_RECURSION = YES;
				CLANG_WARN_INT_CONVERSION = YES;
				CLANG_WARN_NON_LITERAL_NULL_CONVERSION = YES;
				CLANG_WARN_OBJC_IMPLICIT_RETAIN_SELF = YES;
				CLANG_WARN_OBJC_LITERAL_CONVERSION = YES;
				CLANG_WARN_OBJC_ROOT_CLASS = YES_ERROR;
				CLANG_WARN_QUOTED_INCLUDE_IN_FRAMEWORK_HEADER = YES;
				CLANG_WARN_RANGE_LOOP_ANALYSIS = YES;
				CLANG_WARN_STRICT_PROTOTYPES = YES;
				CLANG_WARN_SUSPICIOUS_MOVE = YES;
				CLANG_WARN_UNGUARDED_AVAILABILITY = YES_AGGRESSIVE;
				CLANG_WARN_UNREACHABLE_CODE = YES;
				CLANG_WARN__DUPLICATE_METHOD_MATCH = YES;
				COPY_PHASE_STRIP = NO;
				DEBUG_INFORMATION_FORMAT = "dwarf-with-dsym";
				ENABLE_NS_ASSERTIONS = NO;
				ENABLE_STRICT_OBJC_MSGSEND = YES;
				GCC_C_LANGUAGE_STANDARD = gnu11;
				GCC_NO_COMMON_BLOCKS = YES;
				GCC_WARN_64_TO_32_BIT_CONVERSION = YES;
				GCC_WARN_ABOUT_RETURN_TYPE = YES_ERROR;
				GCC_WARN_UNDECLARED_SELECTOR = YES;
				GCC_WARN_UNINITIALIZED_AUTOS = YES_AGGRESSIVE;
				GCC_WARN_UNUSED_FUNCTION = YES;
				GCC_WARN_UNUSED_VARIABLE = YES;
				IPHONEOS_DEPLOYMENT_TARGET = 16.4;
				MTL_ENABLE_DEBUG_INFO = NO;
				MTL_FAST_MATH = YES;
				SDKROOT = iphoneos;
				SWIFT_COMPILATION_MODE = wholemodule;
				SWIFT_OPTIMIZATION_LEVEL = "-O";
				VALIDATE_PRODUCT = YES;
			};
			name = Release;
		};
		5D1797982A2F5383008A9205 /* Debug */ = {
			isa = XCBuildConfiguration;
			buildSettings = {
				ASSETCATALOG_COMPILER_APPICON_NAME = AppIcon;
				ASSETCATALOG_COMPILER_GLOBAL_ACCENT_COLOR_NAME = AccentColor;
				CODE_SIGN_STYLE = Automatic;
				CURRENT_PROJECT_VERSION = 1;
				DEVELOPMENT_TEAM = 98S838N7Z3;
				GENERATE_INFOPLIST_FILE = YES;
				INFOPLIST_FILE = NoyanC_HW4/Info.plist;
				INFOPLIST_KEY_UIApplicationSupportsIndirectInputEvents = YES;
				INFOPLIST_KEY_UILaunchStoryboardName = LaunchScreen;
				INFOPLIST_KEY_UIMainStoryboardFile = Main;
				INFOPLIST_KEY_UISupportedInterfaceOrientations_iPad = "UIInterfaceOrientationPortrait UIInterfaceOrientationPortraitUpsideDown UIInterfaceOrientationLandscapeLeft UIInterfaceOrientationLandscapeRight";
				INFOPLIST_KEY_UISupportedInterfaceOrientations_iPhone = "UIInterfaceOrientationPortrait UIInterfaceOrientationLandscapeLeft UIInterfaceOrientationLandscapeRight";
				LD_RUNPATH_SEARCH_PATHS = (
					"$(inherited)",
					"@executable_path/Frameworks",
				);
				MARKETING_VERSION = 1.0;
				PRODUCT_BUNDLE_IDENTIFIER = "com.noyancepikkurt.NoyanC-HW4";
				PRODUCT_NAME = "$(TARGET_NAME)";
				SWIFT_EMIT_LOC_STRINGS = YES;
				SWIFT_VERSION = 5.0;
				TARGETED_DEVICE_FAMILY = "1,2";
			};
			name = Debug;
		};
		5D1797992A2F5383008A9205 /* Release */ = {
			isa = XCBuildConfiguration;
			buildSettings = {
				ASSETCATALOG_COMPILER_APPICON_NAME = AppIcon;
				ASSETCATALOG_COMPILER_GLOBAL_ACCENT_COLOR_NAME = AccentColor;
				CODE_SIGN_STYLE = Automatic;
				CURRENT_PROJECT_VERSION = 1;
				DEVELOPMENT_TEAM = 98S838N7Z3;
				GENERATE_INFOPLIST_FILE = YES;
				INFOPLIST_FILE = NoyanC_HW4/Info.plist;
				INFOPLIST_KEY_UIApplicationSupportsIndirectInputEvents = YES;
				INFOPLIST_KEY_UILaunchStoryboardName = LaunchScreen;
				INFOPLIST_KEY_UIMainStoryboardFile = Main;
				INFOPLIST_KEY_UISupportedInterfaceOrientations_iPad = "UIInterfaceOrientationPortrait UIInterfaceOrientationPortraitUpsideDown UIInterfaceOrientationLandscapeLeft UIInterfaceOrientationLandscapeRight";
				INFOPLIST_KEY_UISupportedInterfaceOrientations_iPhone = "UIInterfaceOrientationPortrait UIInterfaceOrientationLandscapeLeft UIInterfaceOrientationLandscapeRight";
				LD_RUNPATH_SEARCH_PATHS = (
					"$(inherited)",
					"@executable_path/Frameworks",
				);
				MARKETING_VERSION = 1.0;
				PRODUCT_BUNDLE_IDENTIFIER = "com.noyancepikkurt.NoyanC-HW4";
				PRODUCT_NAME = "$(TARGET_NAME)";
				SWIFT_EMIT_LOC_STRINGS = YES;
				SWIFT_VERSION = 5.0;
				TARGETED_DEVICE_FAMILY = "1,2";
			};
			name = Release;
		};
		5D17979B2A2F5383008A9205 /* Debug */ = {
			isa = XCBuildConfiguration;
			buildSettings = {
				ALWAYS_EMBED_SWIFT_STANDARD_LIBRARIES = YES;
				BUNDLE_LOADER = "$(TEST_HOST)";
				CODE_SIGN_STYLE = Automatic;
				CURRENT_PROJECT_VERSION = 1;
				DEVELOPMENT_TEAM = 98S838N7Z3;
				GENERATE_INFOPLIST_FILE = YES;
				IPHONEOS_DEPLOYMENT_TARGET = 16.4;
				MARKETING_VERSION = 1.0;
				PRODUCT_BUNDLE_IDENTIFIER = "com.noyancepikkurt.NoyanC-HW4Tests";
				PRODUCT_NAME = "$(TARGET_NAME)";
				SWIFT_EMIT_LOC_STRINGS = NO;
				SWIFT_VERSION = 5.0;
				TARGETED_DEVICE_FAMILY = "1,2";
				TEST_HOST = "$(BUILT_PRODUCTS_DIR)/NoyanC_HW4.app/$(BUNDLE_EXECUTABLE_FOLDER_PATH)/NoyanC_HW4";
			};
			name = Debug;
		};
		5D17979C2A2F5383008A9205 /* Release */ = {
			isa = XCBuildConfiguration;
			buildSettings = {
				ALWAYS_EMBED_SWIFT_STANDARD_LIBRARIES = YES;
				BUNDLE_LOADER = "$(TEST_HOST)";
				CODE_SIGN_STYLE = Automatic;
				CURRENT_PROJECT_VERSION = 1;
				DEVELOPMENT_TEAM = 98S838N7Z3;
				GENERATE_INFOPLIST_FILE = YES;
				IPHONEOS_DEPLOYMENT_TARGET = 16.4;
				MARKETING_VERSION = 1.0;
				PRODUCT_BUNDLE_IDENTIFIER = "com.noyancepikkurt.NoyanC-HW4Tests";
				PRODUCT_NAME = "$(TARGET_NAME)";
				SWIFT_EMIT_LOC_STRINGS = NO;
				SWIFT_VERSION = 5.0;
				TARGETED_DEVICE_FAMILY = "1,2";
				TEST_HOST = "$(BUILT_PRODUCTS_DIR)/NoyanC_HW4.app/$(BUNDLE_EXECUTABLE_FOLDER_PATH)/NoyanC_HW4";
			};
			name = Release;
		};
		5D17979E2A2F5383008A9205 /* Debug */ = {
			isa = XCBuildConfiguration;
			buildSettings = {
				ALWAYS_EMBED_SWIFT_STANDARD_LIBRARIES = YES;
				CODE_SIGN_STYLE = Automatic;
				CURRENT_PROJECT_VERSION = 1;
				DEVELOPMENT_TEAM = 98S838N7Z3;
				GENERATE_INFOPLIST_FILE = YES;
				MARKETING_VERSION = 1.0;
				PRODUCT_BUNDLE_IDENTIFIER = "com.noyancepikkurt.NoyanC-HW4UITests";
				PRODUCT_NAME = "$(TARGET_NAME)";
				SWIFT_EMIT_LOC_STRINGS = NO;
				SWIFT_VERSION = 5.0;
				TARGETED_DEVICE_FAMILY = "1,2";
				TEST_TARGET_NAME = NoyanC_HW4;
			};
			name = Debug;
		};
		5D17979F2A2F5383008A9205 /* Release */ = {
			isa = XCBuildConfiguration;
			buildSettings = {
				ALWAYS_EMBED_SWIFT_STANDARD_LIBRARIES = YES;
				CODE_SIGN_STYLE = Automatic;
				CURRENT_PROJECT_VERSION = 1;
				DEVELOPMENT_TEAM = 98S838N7Z3;
				GENERATE_INFOPLIST_FILE = YES;
				MARKETING_VERSION = 1.0;
				PRODUCT_BUNDLE_IDENTIFIER = "com.noyancepikkurt.NoyanC-HW4UITests";
				PRODUCT_NAME = "$(TARGET_NAME)";
				SWIFT_EMIT_LOC_STRINGS = NO;
				SWIFT_VERSION = 5.0;
				TARGETED_DEVICE_FAMILY = "1,2";
				TEST_TARGET_NAME = NoyanC_HW4;
			};
			name = Release;
		};
/* End XCBuildConfiguration section */

/* Begin XCConfigurationList section */
		5D1797652A2F5382008A9205 /* Build configuration list for PBXProject "NoyanC_HW4" */ = {
			isa = XCConfigurationList;
			buildConfigurations = (
				5D1797952A2F5383008A9205 /* Debug */,
				5D1797962A2F5383008A9205 /* Release */,
			);
			defaultConfigurationIsVisible = 0;
			defaultConfigurationName = Release;
		};
		5D1797972A2F5383008A9205 /* Build configuration list for PBXNativeTarget "NoyanC_HW4" */ = {
			isa = XCConfigurationList;
			buildConfigurations = (
				5D1797982A2F5383008A9205 /* Debug */,
				5D1797992A2F5383008A9205 /* Release */,
			);
			defaultConfigurationIsVisible = 0;
			defaultConfigurationName = Release;
		};
		5D17979A2A2F5383008A9205 /* Build configuration list for PBXNativeTarget "NoyanC_HW4Tests" */ = {
			isa = XCConfigurationList;
			buildConfigurations = (
				5D17979B2A2F5383008A9205 /* Debug */,
				5D17979C2A2F5383008A9205 /* Release */,
			);
			defaultConfigurationIsVisible = 0;
			defaultConfigurationName = Release;
		};
		5D17979D2A2F5383008A9205 /* Build configuration list for PBXNativeTarget "NoyanC_HW4UITests" */ = {
			isa = XCConfigurationList;
			buildConfigurations = (
				5D17979E2A2F5383008A9205 /* Debug */,
				5D17979F2A2F5383008A9205 /* Release */,
			);
			defaultConfigurationIsVisible = 0;
			defaultConfigurationName = Release;
		};
/* End XCConfigurationList section */

/* Begin XCSwiftPackageProductDependency section */
		5D1B5E1A2A2F5626001ED2B3 /* Extensions */ = {
			isa = XCSwiftPackageProductDependency;
			productName = Extensions;
		};
		5D1B5E1C2A2F562C001ED2B3 /* SongAPI */ = {
			isa = XCSwiftPackageProductDependency;
			productName = SongAPI;
		};
		5D3ACEDC2A2F5C31006779B8 /* Reachability */ = {
			isa = XCSwiftPackageProductDependency;
			productName = Reachability;
		};
/* End XCSwiftPackageProductDependency section */

/* Begin XCVersionGroup section */
		5D1797762A2F5382008A9205 /* NoyanC_HW4.xcdatamodeld */ = {
			isa = XCVersionGroup;
			children = (
				5D1797772A2F5382008A9205 /* NoyanC_HW4.xcdatamodel */,
			);
			currentVersion = 5D1797772A2F5382008A9205 /* NoyanC_HW4.xcdatamodel */;
			path = NoyanC_HW4.xcdatamodeld;
			sourceTree = "<group>";
			versionGroupType = wrapper.xcdatamodel;
		};
/* End XCVersionGroup section */
	};
	rootObject = 5D1797622A2F5382008A9205 /* Project object */;
}
